
Microsoft Visual Studio Solution File, Format Version 12.00
# Visual Studio Version 17
VisualStudioVersion = 17.8.34525.116
MinimumVisualStudioVersion = 10.0.40219.1
Project("{FAE04EC0-301F-11D3-BF4B-00C04F79EFBC}") = "Week14-OOP", "Week14-OOP\Week14-OOP.csproj", "{40E7B6B4-078E-43FC-A881-064C10EC8508}"
EndProject
Global
	GlobalSection(SolutionConfigurationPlatforms) = preSolution
		Debug|Any CPU = Debug|Any CPU
		Release|Any CPU = Release|Any CPU
	EndGlobalSection
	GlobalSection(ProjectConfigurationPlatforms) = postSolution
		{40E7B6B4-078E-43FC-A881-064C10EC8508}.Debug|Any CPU.ActiveCfg = Debug|Any CPU
		{40E7B6B4-078E-43FC-A881-064C10EC8508}.Debug|Any CPU.Build.0 = Debug|Any CPU
		{40E7B6B4-078E-43FC-A881-064C10EC8508}.Release|Any CPU.ActiveCfg = Release|Any CPU
		{40E7B6B4-078E-43FC-A881-064C10EC8508}.Release|Any CPU.Build.0 = Release|Any CPU
	EndGlobalSection
	GlobalSection(SolutionProperties) = preSolution
		HideSolutionNode = FALSE
	EndGlobalSection
	GlobalSection(ExtensibilityGlobals) = postSolution
		SolutionGuid = {02CFA227-6F24-4F9A-BC10-7AA5E6A13959}
	EndGlobalSection
EndGlobal
